
Microsoft Visual Studio Solution File, Format Version 12.00
# Visual Studio Version 17
VisualStudioVersion = 17.9.34723.18
MinimumVisualStudioVersion = 10.0.40219.1
Project("{FAE04EC0-301F-11D3-BF4B-00C04F79EFBC}") = "odev6eCommerce", "odev6eCommerce\odev6eCommerce.csproj", "{0BE3B70B-4005-4683-8ED3-844142A8F159}"
EndProject
Global
	GlobalSection(SolutionConfigurationPlatforms) = preSolution
		Debug|Any CPU = Debug|Any CPU
		Release|Any CPU = Release|Any CPU
	EndGlobalSection
	GlobalSection(ProjectConfigurationPlatforms) = postSolution
		{0BE3B70B-4005-4683-8ED3-844142A8F159}.Debug|Any CPU.ActiveCfg = Debug|Any CPU
		{0BE3B70B-4005-4683-8ED3-844142A8F159}.Debug|Any CPU.Build.0 = Debug|Any CPU
		{0BE3B70B-4005-4683-8ED3-844142A8F159}.Release|Any CPU.ActiveCfg = Release|Any CPU
		{0BE3B70B-4005-4683-8ED3-844142A8F159}.Release|Any CPU.Build.0 = Release|Any CPU
	EndGlobalSection
	GlobalSection(SolutionProperties) = preSolution
		HideSolutionNode = FALSE
	EndGlobalSection
	GlobalSection(ExtensibilityGlobals) = postSolution
		SolutionGuid = {9B7AB083-F0B5-49F4-BE84-9F4DE72F0B53}
	EndGlobalSection
EndGlobal
